
Microsoft Visual Studio Solution File, Format Version 12.00
# Visual Studio Version 16
VisualStudioVersion = 16.0.31205.134
MinimumVisualStudioVersion = 10.0.40219.1
Project("{FAE04EC0-301F-11D3-BF4B-00C04F79EFBC}") = "InfoWriterWebSocketClient", "InfoWriterWebSocketClient\InfoWriterWebSocketClient.csproj", "{26557E89-B8A2-4E66-93A9-11F27C754A3A}"
EndProject
Global
	GlobalSection(SolutionConfigurationPlatforms) = preSolution
		Debug|Any CPU = Debug|Any CPU
		Release|Any CPU = Release|Any CPU
	EndGlobalSection
	GlobalSection(ProjectConfigurationPlatforms) = postSolution
		{26557E89-B8A2-4E66-93A9-11F27C754A3A}.Debug|Any CPU.ActiveCfg = Debug|Any CPU
		{26557E89-B8A2-4E66-93A9-11F27C754A3A}.Debug|Any CPU.Build.0 = Debug|Any CPU
		{26557E89-B8A2-4E66-93A9-11F27C754A3A}.Release|Any CPU.ActiveCfg = Release|Any CPU
		{26557E89-B8A2-4E66-93A9-11F27C754A3A}.Release|Any CPU.Build.0 = Release|Any CPU
	EndGlobalSection
	GlobalSection(SolutionProperties) = preSolution
		HideSolutionNode = FALSE
	EndGlobalSection
	GlobalSection(ExtensibilityGlobals) = postSolution
		SolutionGuid = {A80535DC-8C44-4E06-A581-78CBC213C6A6}
	EndGlobalSection
EndGlobal
