
Microsoft Visual Studio Solution File, Format Version 12.00
# Visual Studio Version 16
VisualStudioVersion = 16.0.31205.134
MinimumVisualStudioVersion = 10.0.40219.1
Project("{FAE04EC0-301F-11D3-BF4B-00C04F79EFBC}") = "InfoWriterWebSocketServer", "InfoWriterWebSocketServer\InfoWriterWebSocketServer.csproj", "{97F48EC7-E3D7-411D-947C-D07BFBE151D7}"
EndProject
Global
	GlobalSection(SolutionConfigurationPlatforms) = preSolution
		Debug|Any CPU = Debug|Any CPU
		Release|Any CPU = Release|Any CPU
	EndGlobalSection
	GlobalSection(ProjectConfigurationPlatforms) = postSolution
		{97F48EC7-E3D7-411D-947C-D07BFBE151D7}.Debug|Any CPU.ActiveCfg = Debug|Any CPU
		{97F48EC7-E3D7-411D-947C-D07BFBE151D7}.Debug|Any CPU.Build.0 = Debug|Any CPU
		{97F48EC7-E3D7-411D-947C-D07BFBE151D7}.Release|Any CPU.ActiveCfg = Release|Any CPU
		{97F48EC7-E3D7-411D-947C-D07BFBE151D7}.Release|Any CPU.Build.0 = Release|Any CPU
	EndGlobalSection
	GlobalSection(SolutionProperties) = preSolution
		HideSolutionNode = FALSE
	EndGlobalSection
	GlobalSection(ExtensibilityGlobals) = postSolution
		SolutionGuid = {82043575-AEDD-4AE8-B704-56B57CD7D6FA}
	EndGlobalSection
EndGlobal
